
Microsoft Visual Studio Solution File, Format Version 12.00
# Visual Studio Version 16
VisualStudioVersion = 16.0.31729.503
MinimumVisualStudioVersion = 10.0.40219.1
Project("{FAE04EC0-301F-11D3-BF4B-00C04F79EFBC}") = "WordsSoloLearnChallengeModule5", "WordsSoloLearnChallengeModule5\WordsSoloLearnChallengeModule5.csproj", "{824188F3-FFC3-4F4D-8653-2A489105FA3E}"
EndProject
Global
	GlobalSection(SolutionConfigurationPlatforms) = preSolution
		Debug|Any CPU = Debug|Any CPU
		Release|Any CPU = Release|Any CPU
	EndGlobalSection
	GlobalSection(ProjectConfigurationPlatforms) = postSolution
		{824188F3-FFC3-4F4D-8653-2A489105FA3E}.Debug|Any CPU.ActiveCfg = Debug|Any CPU
		{824188F3-FFC3-4F4D-8653-2A489105FA3E}.Debug|Any CPU.Build.0 = Debug|Any CPU
		{824188F3-FFC3-4F4D-8653-2A489105FA3E}.Release|Any CPU.ActiveCfg = Release|Any CPU
		{824188F3-FFC3-4F4D-8653-2A489105FA3E}.Release|Any CPU.Build.0 = Release|Any CPU
	EndGlobalSection
	GlobalSection(SolutionProperties) = preSolution
		HideSolutionNode = FALSE
	EndGlobalSection
	GlobalSection(ExtensibilityGlobals) = postSolution
		SolutionGuid = {8C91B8F4-BE1C-40AC-86C7-9F3A17533A4A}
	EndGlobalSection
EndGlobal
